
Microsoft Visual Studio Solution File, Format Version 12.00
# Visual Studio 15
VisualStudioVersion = 15.0.26730.12
MinimumVisualStudioVersion = 10.0.40219.1
Project("{FAE04EC0-301F-11D3-BF4B-00C04F79EFBC}") = "TestGit", "TestGit\TestGit.csproj", "{8D433BC0-FBF1-457F-9F5E-F8ED67037540}"
EndProject
Global
	GlobalSection(SolutionConfigurationPlatforms) = preSolution
		Debug|Any CPU = Debug|Any CPU
		Release|Any CPU = Release|Any CPU
	EndGlobalSection
	GlobalSection(ProjectConfigurationPlatforms) = postSolution
		{8D433BC0-FBF1-457F-9F5E-F8ED67037540}.Debug|Any CPU.ActiveCfg = Debug|Any CPU
		{8D433BC0-FBF1-457F-9F5E-F8ED67037540}.Debug|Any CPU.Build.0 = Debug|Any CPU
		{8D433BC0-FBF1-457F-9F5E-F8ED67037540}.Release|Any CPU.ActiveCfg = Release|Any CPU
		{8D433BC0-FBF1-457F-9F5E-F8ED67037540}.Release|Any CPU.Build.0 = Release|Any CPU
	EndGlobalSection
	GlobalSection(SolutionProperties) = preSolution
		HideSolutionNode = FALSE
	EndGlobalSection
	GlobalSection(ExtensibilityGlobals) = postSolution
		SolutionGuid = {CF3664A0-3E3D-4D3E-9E46-0DD9D17137AB}
	EndGlobalSection
EndGlobal
